
Microsoft Visual Studio Solution File, Format Version 12.00
# Visual Studio Version 16
VisualStudioVersion = 16.0.30114.105
MinimumVisualStudioVersion = 10.0.40219.1
Project("{FAE04EC0-301F-11D3-BF4B-00C04F79EFBC}") = "dotnet", "ExemploFundamentos\dotnet.csproj", "{7ADDD56A-F423-47BF-BF35-037F5E54BB68}"
EndProject
Project("{FAE04EC0-301F-11D3-BF4B-00C04F79EFBC}") = "ExemploFundamentos.Common", "ExemploFundamentos.Common\ExemploFundamentos.Common.csproj", "{68896299-E92D-4ABC-9536-F9612E2BD94E}"
EndProject
Global
	GlobalSection(SolutionConfigurationPlatforms) = preSolution
		Debug|Any CPU = Debug|Any CPU
		Release|Any CPU = Release|Any CPU
	EndGlobalSection
	GlobalSection(SolutionProperties) = preSolution
		HideSolutionNode = FALSE
	EndGlobalSection
	GlobalSection(ProjectConfigurationPlatforms) = postSolution
		{7ADDD56A-F423-47BF-BF35-037F5E54BB68}.Debug|Any CPU.ActiveCfg = Debug|Any CPU
		{7ADDD56A-F423-47BF-BF35-037F5E54BB68}.Debug|Any CPU.Build.0 = Debug|Any CPU
		{7ADDD56A-F423-47BF-BF35-037F5E54BB68}.Release|Any CPU.ActiveCfg = Release|Any CPU
		{7ADDD56A-F423-47BF-BF35-037F5E54BB68}.Release|Any CPU.Build.0 = Release|Any CPU
		{68896299-E92D-4ABC-9536-F9612E2BD94E}.Debug|Any CPU.ActiveCfg = Debug|Any CPU
		{68896299-E92D-4ABC-9536-F9612E2BD94E}.Debug|Any CPU.Build.0 = Debug|Any CPU
		{68896299-E92D-4ABC-9536-F9612E2BD94E}.Release|Any CPU.ActiveCfg = Release|Any CPU
		{68896299-E92D-4ABC-9536-F9612E2BD94E}.Release|Any CPU.Build.0 = Release|Any CPU
	EndGlobalSection
EndGlobal
